<?xml version="1.0" encoding="utf-8"?>
<Project ToolsVersion="4.0" xmlns="http://schemas.microsoft.com/developer/msbuild/2003">
  <ItemGroup>
    <Filter Include="Source Files">
      <UniqueIdentifier>{4FC737F1-C7A5-4376-A066-2A32D752A2FF}</UniqueIdentifier>
      <Extensions>cpp;c;cc;cxx;c++;cppm;ixx;def;odl;idl;hpj;bat;asm;asmx</Extensions>
    </Filter>
    <Filter Include="Header Files">
      <UniqueIdentifier>{93995380-89BD-4b04-88EB-625FBE52EBFB}</UniqueIdentifier>
      <Extensions>h;hh;hpp;hxx;h++;hm;inl;inc;ipp;xsd</Extensions>
    </Filter>
    <Filter Include="Resource Files">
      <UniqueIdentifier>{67DA6AB6-F800-4c08-8B7A-83BB121AAD01}</UniqueIdentifier>
      <Extensions>rc;ico;cur;bmp;dlg;rc2;rct;bin;rgs;gif;jpg;jpeg;jpe;resx;tiff;tif;png;wav;mfcribbon-ms</Extensions>
    </Filter>
    <Filter Include="Lib">
      <UniqueIdentifier>{993aeec6-fbbe-4fa9-9b19-1eefd40e0f94}</UniqueIdentifier>
    </Filter>
    <Filter Include="Lib\rtmidi">
      <UniqueIdentifier>{e68d0a63-37cb-45b3-92ae-4a41ba1ef890}</UniqueIdentifier>
    </Filter>
    <Filter Include="Lib\glfw">
      <UniqueIdentifier>{a63c8b6f-19fa-43f4-b4d4-6d930048b5d2}</UniqueIdentifier>
    </Filter>
    <Filter Include="Lib\glad">
      <UniqueIdentifier>{1357834a-6d16-46ab-9a05-639d831a177a}</UniqueIdentifier>
    </Filter>
  </ItemGroup>
  <ItemGroup>
    <ClCompile Include="src\Main.cpp">
      <Filter>Source Files</Filter>
    </ClCompile>
    <ClCompile Include="lib\include\rtmidi\RtMidi.cpp">
      <Filter>Lib\rtmidi</Filter>
    </ClCompile>
    <ClCompile Include="lib\include\glad\glad.c">
      <Filter>Lib\glad</Filter>
    </ClCompile>
    <ClCompile Include="src\Renderer.cpp">
      <Filter>Source Files</Filter>
    </ClCompile>
    <ClCompile Include="src\Window.cpp">
      <Filter>Source Files</Filter>
    </ClCompile>
    <ClCompile Include="src\Buffer.cpp">
      <Filter>Source Files</Filter>
    </ClCompile>
    <ClCompile Include="src\Visualizer.cpp">
      <Filter>Source Files</Filter>
    </ClCompile>
    <ClCompile Include="src\UI.cpp">
      <Filter>Source Files</Filter>
    </ClCompile>
    <ClCompile Include="src\Resources.cpp">
      <Filter>Source Files</Filter>
    </ClCompile>
  </ItemGroup>
  <ItemGroup>
    <ClInclude Include="src\Defines.hpp">
      <Filter>Source Files</Filter>
    </ClInclude>
    <ClInclude Include="lib\include\rtmidi\RtMidi.h">
      <Filter>Lib\rtmidi</Filter>
    </ClInclude>
    <ClInclude Include="lib\include\glfw\glfw3.h">
      <Filter>Lib\glfw</Filter>
    </ClInclude>
    <ClInclude Include="lib\include\glfw\glfw3native.h">
      <Filter>Lib\glfw</Filter>
    </ClInclude>
    <ClInclude Include="lib\include\KHR\khrplatform.h">
      <Filter>Lib\glad</Filter>
    </ClInclude>
    <ClInclude Include="lib\include\glad\glad.h">
      <Filter>Lib\glad</Filter>
    </ClInclude>
    <ClInclude Include="src\Renderer.hpp">
      <Filter>Source Files</Filter>
    </ClInclude>
    <ClInclude Include="src\Window.hpp">
      <Filter>Source Files</Filter>
    </ClInclude>
    <ClInclude Include="src\Buffer.hpp">
      <Filter>Source Files</Filter>
    </ClInclude>
    <ClInclude Include="src\Visualizer.hpp">
      <Filter>Source Files</Filter>
    </ClInclude>
    <ClInclude Include="lib\include\stb_image.h">
      <Filter>Lib</Filter>
    </ClInclude>
    <ClInclude Include="src\UI.hpp">
      <Filter>Source Files</Filter>
    </ClInclude>
    <ClInclude Include="src\Resources.hpp">
      <Filter>Source Files</Filter>
    </ClInclude>
  </ItemGroup>
</Project>